{
  "nodes": {
    "flake-utils": {
      "inputs": {
        "systems": "systems"
      },
      "locked": {
        "lastModified": 1681202837,
        "narHash": "sha256-H+Rh19JDwRtpVPAWp64F+rlEtxUWBAQW28eAi3SRSzg=",
        "owner": "numtide",
        "repo": "flake-utils",
        "rev": "cfacdce06f30d2b68473a46042957675eebb3401",
        "type": "github"
      },
      "original": {
        "owner": "numtide",
        "repo": "flake-utils",
        "type": "github"
      }
    },
    "home-manager": {
      "inputs": {
        "nixpkgs": [
          "nixpkgs"
        ]
      },
      "locked": {
        "lastModified": 1692099905,
        "narHash": "sha256-/pSusGhmIdSdAaywQRFA5dVbfdIzlWQTecM+E46+cJ0=",
        "owner": "nix-community",
        "repo": "home-manager",
        "rev": "2a6679aa9cc3872c29ba2a57fe1b71b3e3c5649f",
        "type": "github"
      },
      "original": {
        "owner": "nix-community",
        "ref": "release-23.05",
        "repo": "home-manager",
        "type": "github"
      }
    },
    "home-manager_2": {
      "inputs": {
        "nixpkgs": [
          "my-home-manager",
          "nixpkgs"
        ]
      },
      "locked": {
        "lastModified": 1692222899,
        "narHash": "sha256-dHrv+lMUKFXLnzc/yYhEpNr34JYG8gwD4eH6qcrScFI=",
        "owner": "nix-community",
        "repo": "home-manager",
        "rev": "2471d965a3522025157a790fc49c3567fd56e26e",
        "type": "github"
      },
      "original": {
        "owner": "nix-community",
        "repo": "home-manager",
        "type": "github"
      }
    },
    "my-home-manager": {
      "inputs": {
        "home-manager": "home-manager_2",
        "nixpkgs": "nixpkgs",
        "nixpkgs-review-checks": "nixpkgs-review-checks",
        "nur": "nur"
      },
      "locked": {
        "lastModified": 1692272974,
        "narHash": "sha256-mLyLPMHga+swe1c192q+UuOhprTw8vyDaJDM93LpEfY=",
        "owner": "anthonyroussel",
        "repo": "home-manager",
        "rev": "68ce473aaaed737e5d2856b3d3c9e54bae7b6571",
        "type": "github"
      },
      "original": {
        "owner": "anthonyroussel",
        "repo": "home-manager",
        "type": "github"
      }
    },
    "nixlib": {
      "locked": {
        "lastModified": 1689469483,
        "narHash": "sha256-2SBhY7rZQ/iNCxe04Eqxlz9YK9KgbaTMBssq3/BgdWY=",
        "owner": "nix-community",
        "repo": "nixpkgs.lib",
        "rev": "02fea408f27186f139153e1ae88f8ab2abd9c22c",
        "type": "github"
      },
      "original": {
        "owner": "nix-community",
        "repo": "nixpkgs.lib",
        "type": "github"
      }
    },
    "nixos-generators": {
      "inputs": {
        "nixlib": "nixlib",
        "nixpkgs": [
          "nixpkgs"
        ]
      },
      "locked": {
        "lastModified": 1690133435,
        "narHash": "sha256-YNZiefETggroaTLsLJG2M+wpF0pJPwiauKG4q48ddNU=",
        "owner": "nix-community",
        "repo": "nixos-generators",
        "rev": "b1171de4d362c022130c92d7c8adc4bf2b83d586",
        "type": "github"
      },
      "original": {
        "owner": "nix-community",
        "repo": "nixos-generators",
        "type": "github"
      }
    },
    "nixos-hardware": {
      "locked": {
        "lastModified": 1691871742,
        "narHash": "sha256-6yDNjfbAMpwzWL4y75fxs6beXHRANfYX8BNSPjYehck=",
        "owner": "nixos",
        "repo": "nixos-hardware",
        "rev": "430a56dd16fe583a812b2df44dca002acab2f4f6",
        "type": "github"
      },
      "original": {
        "owner": "nixos",
        "repo": "nixos-hardware",
        "type": "github"
      }
    },
    "nixpkgs": {
      "locked": {
        "lastModified": 1692221125,
        "narHash": "sha256-nKUDlbLL8/WW3Fpx9Y0sY+LliTqU3/GexvHU9BdA8Qk=",
        "owner": "nixos",
        "repo": "nixpkgs",
        "rev": "214c9de8159b25f3cdc8374a80794d4d5787b4cf",
        "type": "github"
      },
      "original": {
        "owner": "nixos",
        "ref": "nixpkgs-unstable",
        "repo": "nixpkgs",
        "type": "github"
      }
    },
    "nixpkgs-review-checks": {
      "inputs": {
        "flake-utils": "flake-utils",
        "nixpkgs": [
          "my-home-manager",
          "nixpkgs"
        ]
      },
      "locked": {
        "lastModified": 1687184316,
        "narHash": "sha256-SP9AI9tM/GHvTk/JX51m0zF0c3rhO1jnjLpYc/h4W7o=",
        "owner": "SuperSandro2000",
        "repo": "nixpkgs-review-checks",
        "rev": "68a917ba3aa09fd61d22d4458e2552b3cd1fe056",
        "type": "github"
      },
      "original": {
        "owner": "SuperSandro2000",
        "repo": "nixpkgs-review-checks",
        "type": "github"
      }
    },
    "nixpkgs-stable": {
      "locked": {
        "lastModified": 1691874659,
        "narHash": "sha256-qgmixg0c/CRNT2p9Ad35kaC7NzYVZ6GRooErYI7OGJM=",
        "owner": "NixOS",
        "repo": "nixpkgs",
        "rev": "efeed708ece1a9f4ae0506ae4a4d7da264a74102",
        "type": "github"
      },
      "original": {
        "owner": "NixOS",
        "ref": "release-23.05",
        "repo": "nixpkgs",
        "type": "github"
      }
    },
    "nixpkgs_2": {
      "locked": {
        "lastModified": 1692207601,
        "narHash": "sha256-tfPGNKQcJT1cvT6ufqO/7ydYNL6mcJClvzbrzhKjB80=",
        "owner": "NixOS",
        "repo": "nixpkgs",
        "rev": "b30c68669df77d981ce4aefd6b9d378563f6fc4e",
        "type": "github"
      },
      "original": {
        "id": "nixpkgs",
        "ref": "nixos-23.05",
        "type": "indirect"
      }
    },
    "nur": {
      "locked": {
        "lastModified": 1692251097,
        "narHash": "sha256-U8DwZx4TvyhgYtqn7a2Z1swb/OX7ZGdXkRp01b/9YQw=",
        "owner": "nix-community",
        "repo": "NUR",
        "rev": "27fb77d59cee6a1210e7451b5771a40a2dbd05c6",
        "type": "github"
      },
      "original": {
        "owner": "nix-community",
        "repo": "NUR",
        "type": "github"
      }
    },
    "nur_2": {
      "locked": {
        "lastModified": 1692333807,
        "narHash": "sha256-vWrP83xJ1E5Sg5Dp2OTwowZtQqCyYsirHCBWn4QXgmo=",
        "owner": "nix-community",
        "repo": "NUR",
        "rev": "dedd7de8a2b1fc29e1a92948a285c8819175431e",
        "type": "github"
      },
      "original": {
        "owner": "nix-community",
        "repo": "NUR",
        "type": "github"
      }
    },
    "root": {
      "inputs": {
        "home-manager": "home-manager",
        "my-home-manager": "my-home-manager",
        "nixos-generators": "nixos-generators",
        "nixos-hardware": "nixos-hardware",
        "nixpkgs": "nixpkgs_2",
        "nur": "nur_2",
        "sops-nix": "sops-nix"
      }
    },
    "sops-nix": {
      "inputs": {
        "nixpkgs": [
          "nixpkgs"
        ],
        "nixpkgs-stable": "nixpkgs-stable"
      },
      "locked": {
        "lastModified": 1692127428,
        "narHash": "sha256-+e9dD67mpGLBhhqdv7A7i1g/r2AT/PmqthWaYHyVZR4=",
        "owner": "Mic92",
        "repo": "sops-nix",
        "rev": "f81e73cf9a4ef4b949b9225be3daa1e586c096da",
        "type": "github"
      },
      "original": {
        "owner": "Mic92",
        "repo": "sops-nix",
        "type": "github"
      }
    },
    "systems": {
      "locked": {
        "lastModified": 1681028828,
        "narHash": "sha256-Vy1rq5AaRuLzOxct8nz4T6wlgyUR7zLU309k9mBC768=",
        "owner": "nix-systems",
        "repo": "default",
        "rev": "da67096a3b9bf56a91d16901293e51ba5b49a27e",
        "type": "github"
      },
      "original": {
        "owner": "nix-systems",
        "repo": "default",
        "type": "github"
      }
    }
  },
  "root": "root",
  "version": 7
}
