{
  "nodes": {
    "home-manager": {
      "inputs": {
        "nixpkgs": [
          "nixpkgs"
        ]
      },
      "locked": {
        "lastModified": 1687871164,
        "narHash": "sha256-bBFlPthuYX322xOlpJvkjUBz0C+MOBjZdDOOJJ+G2jU=",
        "owner": "nix-community",
        "repo": "home-manager",
        "rev": "07c347bb50994691d7b0095f45ebd8838cf6bc38",
        "type": "github"
      },
      "original": {
        "owner": "nix-community",
        "ref": "release-23.05",
        "repo": "home-manager",
        "type": "github"
      }
    },
    "home-manager_2": {
      "inputs": {
        "nixpkgs": [
          "my-home-manager",
          "nixpkgs"
        ]
      },
      "locked": {
        "lastModified": 1690303752,
        "narHash": "sha256-2YiwFHQERGoaORNORmsdmVlPD8CVVwlwbV2+f77sFhg=",
        "owner": "nix-community",
        "repo": "home-manager",
        "rev": "ba2c0737cc848db03470828fdb5e86df75ed42a8",
        "type": "github"
      },
      "original": {
        "owner": "nix-community",
        "repo": "home-manager",
        "type": "github"
      }
    },
    "my-home-manager": {
      "inputs": {
        "home-manager": "home-manager_2",
        "nixpkgs": "nixpkgs",
        "nur": "nur"
      },
      "locked": {
        "lastModified": 1690372364,
        "narHash": "sha256-DhOlSErWxgoUibd913dHtp5F+lsfeL0gOF+sTPidZDU=",
        "owner": "anthonyroussel",
        "repo": "home-manager",
        "rev": "44a83f75bf9b82e6764585eaf141c7d8b6668396",
        "type": "github"
      },
      "original": {
        "owner": "anthonyroussel",
        "repo": "home-manager",
        "type": "github"
      }
    },
    "nixlib": {
      "locked": {
        "lastModified": 1689469483,
        "narHash": "sha256-2SBhY7rZQ/iNCxe04Eqxlz9YK9KgbaTMBssq3/BgdWY=",
        "owner": "nix-community",
        "repo": "nixpkgs.lib",
        "rev": "02fea408f27186f139153e1ae88f8ab2abd9c22c",
        "type": "github"
      },
      "original": {
        "owner": "nix-community",
        "repo": "nixpkgs.lib",
        "type": "github"
      }
    },
    "nixos-generators": {
      "inputs": {
        "nixlib": "nixlib",
        "nixpkgs": [
          "nixpkgs"
        ]
      },
      "locked": {
        "lastModified": 1690133435,
        "narHash": "sha256-YNZiefETggroaTLsLJG2M+wpF0pJPwiauKG4q48ddNU=",
        "owner": "nix-community",
        "repo": "nixos-generators",
        "rev": "b1171de4d362c022130c92d7c8adc4bf2b83d586",
        "type": "github"
      },
      "original": {
        "owner": "nix-community",
        "repo": "nixos-generators",
        "type": "github"
      }
    },
    "nixos-hardware": {
      "locked": {
        "lastModified": 1690200740,
        "narHash": "sha256-aRkEXGmCbAGcvDcdh/HB3YN+EvoPoxmJMOaqRZmf6vM=",
        "owner": "nixos",
        "repo": "nixos-hardware",
        "rev": "ba9650b14e83b365fb9e731f7d7c803f22d2aecf",
        "type": "github"
      },
      "original": {
        "owner": "nixos",
        "repo": "nixos-hardware",
        "type": "github"
      }
    },
    "nixpkgs": {
      "locked": {
        "lastModified": 1690266062,
        "narHash": "sha256-ExihC8Pxu4iRZAKhiL6rxWrRCAmW9KXju1xCV50gzeU=",
        "owner": "nixos",
        "repo": "nixpkgs",
        "rev": "d0991cc3e51b8dbd3a7a3d8b22d43b125cdba588",
        "type": "github"
      },
      "original": {
        "owner": "nixos",
        "ref": "nixpkgs-unstable",
        "repo": "nixpkgs",
        "type": "github"
      }
    },
    "nixpkgs-stable": {
      "locked": {
        "lastModified": 1690066826,
        "narHash": "sha256-6L2qb+Zc0BFkh72OS9uuX637gniOjzU6qCDBpjB2LGY=",
        "owner": "NixOS",
        "repo": "nixpkgs",
        "rev": "ce45b591975d070044ca24e3003c830d26fea1c8",
        "type": "github"
      },
      "original": {
        "owner": "NixOS",
        "ref": "release-23.05",
        "repo": "nixpkgs",
        "type": "github"
      }
    },
    "nixpkgs_2": {
      "locked": {
        "lastModified": 1690271650,
        "narHash": "sha256-qwdsW8DBY1qH+9luliIH7VzgwvL+ZGI3LZWC0LTiDMI=",
        "owner": "NixOS",
        "repo": "nixpkgs",
        "rev": "6dc93f0daec55ee2f441da385aaf143863e3d671",
        "type": "github"
      },
      "original": {
        "id": "nixpkgs",
        "ref": "nixos-23.05",
        "type": "indirect"
      }
    },
    "nur": {
      "locked": {
        "lastModified": 1690348626,
        "narHash": "sha256-0Lp/W7qUlONSxoeagBbpr87ObOL4hhS/NMGA7DvYH5s=",
        "owner": "nix-community",
        "repo": "NUR",
        "rev": "2482c3adcabcb4ae1846ecd2bf7e8e9a4ba138a7",
        "type": "github"
      },
      "original": {
        "owner": "nix-community",
        "repo": "NUR",
        "type": "github"
      }
    },
    "nur_2": {
      "locked": {
        "lastModified": 1690437650,
        "narHash": "sha256-gTHks9MaiFx0MMjMiAZx1FZykcmrWMy7q9NYVcjUMxM=",
        "owner": "nix-community",
        "repo": "NUR",
        "rev": "6fd81396eaadf28ec7a06acc16daa716f414839e",
        "type": "github"
      },
      "original": {
        "owner": "nix-community",
        "repo": "NUR",
        "type": "github"
      }
    },
    "root": {
      "inputs": {
        "home-manager": "home-manager",
        "my-home-manager": "my-home-manager",
        "nixos-generators": "nixos-generators",
        "nixos-hardware": "nixos-hardware",
        "nixpkgs": "nixpkgs_2",
        "nur": "nur_2",
        "sops-nix": "sops-nix"
      }
    },
    "sops-nix": {
      "inputs": {
        "nixpkgs": [
          "nixpkgs"
        ],
        "nixpkgs-stable": "nixpkgs-stable"
      },
      "locked": {
        "lastModified": 1690199016,
        "narHash": "sha256-yTLL72q6aqGmzHq+C3rDp3rIjno7EJZkFLof6Ika7cE=",
        "owner": "Mic92",
        "repo": "sops-nix",
        "rev": "c36df4fe4bf4bb87759b1891cab21e7a05219500",
        "type": "github"
      },
      "original": {
        "owner": "Mic92",
        "repo": "sops-nix",
        "type": "github"
      }
    }
  },
  "root": "root",
  "version": 7
}
